// !$*UTF8*$!
{
	archiveVersion = 1;
	classes = {
	};
	objectVersion = 46;
	objects = {

/* Begin PBXBuildFile section */
		5DECE04D181C850E003A00E1 /* Foundation.framework in Frameworks */ = {isa = PBXBuildFile; fileRef = 5DECE04C181C850E003A00E1 /* Foundation.framework */; };
		5DECE04F181C850E003A00E1 /* CoreGraphics.framework in Frameworks */ = {isa = PBXBuildFile; fileRef = 5DECE04E181C850E003A00E1 /* CoreGraphics.framework */; };
		5DECE051181C850E003A00E1 /* UIKit.framework in Frameworks */ = {isa = PBXBuildFile; fileRef = 5DECE050181C850E003A00E1 /* UIKit.framework */; };
		5DECE057181C850E003A00E1 /* InfoPlist.strings in Resources */ = {isa = PBXBuildFile; fileRef = 5DECE055181C850E003A00E1 /* InfoPlist.strings */; };
		5DECE059181C850E003A00E1 /* main.m in Sources */ = {isa = PBXBuildFile; fileRef = 5DECE058181C850E003A00E1 /* main.m */; };
		5DECE05D181C850E003A00E1 /* ISAppDelegate.m in Sources */ = {isa = PBXBuildFile; fileRef = 5DECE05C181C850E003A00E1 /* ISAppDelegate.m */; };
		5DECE060181C850E003A00E1 /* Main.storyboard in Resources */ = {isa = PBXBuildFile; fileRef = 5DECE05E181C850E003A00E1 /* Main.storyboard */; };
		5DECE065181C850E003A00E1 /* Images.xcassets in Resources */ = {isa = PBXBuildFile; fileRef = 5DECE064181C850E003A00E1 /* Images.xcassets */; };
		5DECE06C181C850E003A00E1 /* XCTest.framework in Frameworks */ = {isa = PBXBuildFile; fileRef = 5DECE06B181C850E003A00E1 /* XCTest.framework */; };
		5DECE06D181C850E003A00E1 /* Foundation.framework in Frameworks */ = {isa = PBXBuildFile; fileRef = 5DECE04C181C850E003A00E1 /* Foundation.framework */; };
		5DECE06E181C850E003A00E1 /* UIKit.framework in Frameworks */ = {isa = PBXBuildFile; fileRef = 5DECE050181C850E003A00E1 /* UIKit.framework */; };
		5DECE08C181CA6F0003A00E1 /* ISiPhone4s.m in Sources */ = {isa = PBXBuildFile; fileRef = 5DECE08B181CA6F0003A00E1 /* ISiPhone4s.m */; };
		5DECE08F181CDBE0003A00E1 /* ISProductsViewController.m in Sources */ = {isa = PBXBuildFile; fileRef = 5DECE08E181CDBE0003A00E1 /* ISProductsViewController.m */; };
		5DECE093181CE6F8003A00E1 /* ISiPhone5s.m in Sources */ = {isa = PBXBuildFile; fileRef = 5DECE092181CE6F8003A00E1 /* ISiPhone5s.m */; };
		5DECE095181CEC53003A00E1 /* ISIdioms.m in Sources */ = {isa = PBXBuildFile; fileRef = 5DECE094181CEC53003A00E1 /* ISIdioms.m */; };
		5DECE098181D0581003A00E1 /* ISiPhone5c.m in Sources */ = {isa = PBXBuildFile; fileRef = 5DECE097181D0581003A00E1 /* ISiPhone5c.m */; };
		D5ED03ECD6C3491B8F56779A /* libPods.a in Frameworks */ = {isa = PBXBuildFile; fileRef = B05414047EEF460CADCF2789 /* libPods.a */; };
/* End PBXBuildFile section */

/* Begin PBXContainerItemProxy section */
		5DECE06F181C850E003A00E1 /* PBXContainerItemProxy */ = {
			isa = PBXContainerItemProxy;
			containerPortal = 5DECE041181C850E003A00E1 /* Project object */;
			proxyType = 1;
			remoteGlobalIDString = 5DECE048181C850E003A00E1;
			remoteInfo = InStock;
		};
/* End PBXContainerItemProxy section */

/* Begin PBXFileReference section */
		5DECE049181C850E003A00E1 /* InStock.app */ = {isa = PBXFileReference; explicitFileType = wrapper.application; includeInIndex = 0; path = InStock.app; sourceTree = BUILT_PRODUCTS_DIR; };
		5DECE04C181C850E003A00E1 /* Foundation.framework */ = {isa = PBXFileReference; lastKnownFileType = wrapper.framework; name = Foundation.framework; path = System/Library/Frameworks/Foundation.framework; sourceTree = SDKROOT; };
		5DECE04E181C850E003A00E1 /* CoreGraphics.framework */ = {isa = PBXFileReference; lastKnownFileType = wrapper.framework; name = CoreGraphics.framework; path = System/Library/Frameworks/CoreGraphics.framework; sourceTree = SDKROOT; };
		5DECE050181C850E003A00E1 /* UIKit.framework */ = {isa = PBXFileReference; lastKnownFileType = wrapper.framework; name = UIKit.framework; path = System/Library/Frameworks/UIKit.framework; sourceTree = SDKROOT; };
		5DECE054181C850E003A00E1 /* InStock-Info.plist */ = {isa = PBXFileReference; lastKnownFileType = text.plist.xml; path = "InStock-Info.plist"; sourceTree = "<group>"; };
		5DECE056181C850E003A00E1 /* en */ = {isa = PBXFileReference; lastKnownFileType = text.plist.strings; name = en; path = en.lproj/InfoPlist.strings; sourceTree = "<group>"; };
		5DECE058181C850E003A00E1 /* main.m */ = {isa = PBXFileReference; lastKnownFileType = sourcecode.c.objc; path = main.m; sourceTree = "<group>"; };
		5DECE05A181C850E003A00E1 /* InStock-Prefix.pch */ = {isa = PBXFileReference; lastKnownFileType = sourcecode.c.h; path = "InStock-Prefix.pch"; sourceTree = "<group>"; };
		5DECE05B181C850E003A00E1 /* ISAppDelegate.h */ = {isa = PBXFileReference; lastKnownFileType = sourcecode.c.h; path = ISAppDelegate.h; sourceTree = "<group>"; };
		5DECE05C181C850E003A00E1 /* ISAppDelegate.m */ = {isa = PBXFileReference; lastKnownFileType = sourcecode.c.objc; path = ISAppDelegate.m; sourceTree = "<group>"; };
		5DECE05F181C850E003A00E1 /* Base */ = {isa = PBXFileReference; lastKnownFileType = file.storyboard; name = Base; path = Base.lproj/Main.storyboard; sourceTree = "<group>"; };
		5DECE064181C850E003A00E1 /* Images.xcassets */ = {isa = PBXFileReference; lastKnownFileType = folder.assetcatalog; path = Images.xcassets; sourceTree = "<group>"; };
		5DECE06A181C850E003A00E1 /* InStockTests.xctest */ = {isa = PBXFileReference; explicitFileType = wrapper.cfbundle; includeInIndex = 0; path = InStockTests.xctest; sourceTree = BUILT_PRODUCTS_DIR; };
		5DECE06B181C850E003A00E1 /* XCTest.framework */ = {isa = PBXFileReference; lastKnownFileType = wrapper.framework; name = XCTest.framework; path = Library/Frameworks/XCTest.framework; sourceTree = DEVELOPER_DIR; };
		5DECE082181C99EA003A00E1 /* ISIdioms.h */ = {isa = PBXFileReference; fileEncoding = 4; lastKnownFileType = sourcecode.c.h; path = ISIdioms.h; sourceTree = "<group>"; };
		5DECE089181CA352003A00E1 /* ISProduct.h */ = {isa = PBXFileReference; lastKnownFileType = sourcecode.c.h; path = ISProduct.h; sourceTree = "<group>"; };
		5DECE08A181CA6F0003A00E1 /* ISiPhone4s.h */ = {isa = PBXFileReference; fileEncoding = 4; lastKnownFileType = sourcecode.c.h; path = ISiPhone4s.h; sourceTree = "<group>"; };
		5DECE08B181CA6F0003A00E1 /* ISiPhone4s.m */ = {isa = PBXFileReference; fileEncoding = 4; lastKnownFileType = sourcecode.c.objc; path = ISiPhone4s.m; sourceTree = "<group>"; };
		5DECE08D181CDBE0003A00E1 /* ISProductsViewController.h */ = {isa = PBXFileReference; fileEncoding = 4; lastKnownFileType = sourcecode.c.h; path = ISProductsViewController.h; sourceTree = "<group>"; };
		5DECE08E181CDBE0003A00E1 /* ISProductsViewController.m */ = {isa = PBXFileReference; fileEncoding = 4; lastKnownFileType = sourcecode.c.objc; path = ISProductsViewController.m; sourceTree = "<group>"; };
		5DECE090181CDCC4003A00E1 /* ISProducts.h */ = {isa = PBXFileReference; lastKnownFileType = sourcecode.c.h; path = ISProducts.h; sourceTree = "<group>"; };
		5DECE091181CE6F8003A00E1 /* ISiPhone5s.h */ = {isa = PBXFileReference; fileEncoding = 4; lastKnownFileType = sourcecode.c.h; path = ISiPhone5s.h; sourceTree = "<group>"; };
		5DECE092181CE6F8003A00E1 /* ISiPhone5s.m */ = {isa = PBXFileReference; fileEncoding = 4; lastKnownFileType = sourcecode.c.objc; path = ISiPhone5s.m; sourceTree = "<group>"; };
		5DECE094181CEC53003A00E1 /* ISIdioms.m */ = {isa = PBXFileReference; fileEncoding = 4; lastKnownFileType = sourcecode.c.objc; path = ISIdioms.m; sourceTree = "<group>"; };
		5DECE096181D0581003A00E1 /* ISiPhone5c.h */ = {isa = PBXFileReference; fileEncoding = 4; lastKnownFileType = sourcecode.c.h; path = ISiPhone5c.h; sourceTree = "<group>"; };
		5DECE097181D0581003A00E1 /* ISiPhone5c.m */ = {isa = PBXFileReference; fileEncoding = 4; lastKnownFileType = sourcecode.c.objc; path = ISiPhone5c.m; sourceTree = "<group>"; };
		B05414047EEF460CADCF2789 /* libPods.a */ = {isa = PBXFileReference; explicitFileType = archive.ar; includeInIndex = 0; path = libPods.a; sourceTree = BUILT_PRODUCTS_DIR; };
		CF533665C0D14D27AE358086 /* Pods.xcconfig */ = {isa = PBXFileReference; includeInIndex = 1; lastKnownFileType = text.xcconfig; name = Pods.xcconfig; path = Pods/Pods.xcconfig; sourceTree = "<group>"; };
/* End PBXFileReference section */

/* Begin PBXFrameworksBuildPhase section */
		5DECE046181C850E003A00E1 /* Frameworks */ = {
			isa = PBXFrameworksBuildPhase;
			buildActionMask = 2147483647;
			files = (
				5DECE04F181C850E003A00E1 /* CoreGraphics.framework in Frameworks */,
				5DECE051181C850E003A00E1 /* UIKit.framework in Frameworks */,
				5DECE04D181C850E003A00E1 /* Foundation.framework in Frameworks */,
				D5ED03ECD6C3491B8F56779A /* libPods.a in Frameworks */,
			);
			runOnlyForDeploymentPostprocessing = 0;
		};
		5DECE067181C850E003A00E1 /* Frameworks */ = {
			isa = PBXFrameworksBuildPhase;
			buildActionMask = 2147483647;
			files = (
				5DECE06C181C850E003A00E1 /* XCTest.framework in Frameworks */,
				5DECE06E181C850E003A00E1 /* UIKit.framework in Frameworks */,
				5DECE06D181C850E003A00E1 /* Foundation.framework in Frameworks */,
			);
			runOnlyForDeploymentPostprocessing = 0;
		};
/* End PBXFrameworksBuildPhase section */

/* Begin PBXGroup section */
		5DECE040181C850E003A00E1 = {
			isa = PBXGroup;
			children = (
				5DECE052181C850E003A00E1 /* InStock */,
				5DECE04B181C850E003A00E1 /* Frameworks */,
				5DECE04A181C850E003A00E1 /* Products */,
				CF533665C0D14D27AE358086 /* Pods.xcconfig */,
			);
			sourceTree = "<group>";
		};
		5DECE04A181C850E003A00E1 /* Products */ = {
			isa = PBXGroup;
			children = (
				5DECE049181C850E003A00E1 /* InStock.app */,
				5DECE06A181C850E003A00E1 /* InStockTests.xctest */,
			);
			name = Products;
			sourceTree = "<group>";
		};
		5DECE04B181C850E003A00E1 /* Frameworks */ = {
			isa = PBXGroup;
			children = (
				5DECE04C181C850E003A00E1 /* Foundation.framework */,
				5DECE04E181C850E003A00E1 /* CoreGraphics.framework */,
				5DECE050181C850E003A00E1 /* UIKit.framework */,
				5DECE06B181C850E003A00E1 /* XCTest.framework */,
				B05414047EEF460CADCF2789 /* libPods.a */,
			);
			name = Frameworks;
			sourceTree = "<group>";
		};
		5DECE052181C850E003A00E1 /* InStock */ = {
			isa = PBXGroup;
			children = (
				5DECE081181C99D3003A00E1 /* Model */,
				5DECE05B181C850E003A00E1 /* ISAppDelegate.h */,
				5DECE05C181C850E003A00E1 /* ISAppDelegate.m */,
				5DECE08D181CDBE0003A00E1 /* ISProductsViewController.h */,
				5DECE08E181CDBE0003A00E1 /* ISProductsViewController.m */,
				5DECE05E181C850E003A00E1 /* Main.storyboard */,
				5DECE064181C850E003A00E1 /* Images.xcassets */,
				5DECE053181C850E003A00E1 /* Supporting Files */,
			);
			path = InStock;
			sourceTree = "<group>";
		};
		5DECE053181C850E003A00E1 /* Supporting Files */ = {
			isa = PBXGroup;
			children = (
				5DECE054181C850E003A00E1 /* InStock-Info.plist */,
				5DECE055181C850E003A00E1 /* InfoPlist.strings */,
				5DECE058181C850E003A00E1 /* main.m */,
				5DECE05A181C850E003A00E1 /* InStock-Prefix.pch */,
			);
			name = "Supporting Files";
			sourceTree = "<group>";
		};
		5DECE081181C99D3003A00E1 /* Model */ = {
			isa = PBXGroup;
			children = (
				5DECE085181CA27F003A00E1 /* Devices */,
				5DECE082181C99EA003A00E1 /* ISIdioms.h */,
				5DECE094181CEC53003A00E1 /* ISIdioms.m */,
				5DECE090181CDCC4003A00E1 /* ISProducts.h */,
			);
			name = Model;
			sourceTree = "<group>";
		};
		5DECE085181CA27F003A00E1 /* Devices */ = {
			isa = PBXGroup;
			children = (
				5DECE089181CA352003A00E1 /* ISProduct.h */,
				5DECE08A181CA6F0003A00E1 /* ISiPhone4s.h */,
				5DECE08B181CA6F0003A00E1 /* ISiPhone4s.m */,
				5DECE091181CE6F8003A00E1 /* ISiPhone5s.h */,
				5DECE092181CE6F8003A00E1 /* ISiPhone5s.m */,
				5DECE096181D0581003A00E1 /* ISiPhone5c.h */,
				5DECE097181D0581003A00E1 /* ISiPhone5c.m */,
			);
			name = Devices;
			sourceTree = "<group>";
		};
/* End PBXGroup section */

/* Begin PBXNativeTarget section */
		5DECE048181C850E003A00E1 /* InStock */ = {
			isa = PBXNativeTarget;
			buildConfigurationList = 5DECE07B181C850E003A00E1 /* Build configuration list for PBXNativeTarget "InStock" */;
			buildPhases = (
				4DF3B55AAE174924AD0B6B4E /* Check Pods Manifest.lock */,
				5DECE045181C850E003A00E1 /* Sources */,
				5DECE046181C850E003A00E1 /* Frameworks */,
				5DECE047181C850E003A00E1 /* Resources */,
				18AC21EC8FCA45C59D9870C1 /* Copy Pods Resources */,
			);
			buildRules = (
			);
			dependencies = (
			);
			name = InStock;
			productName = InStock;
			productReference = 5DECE049181C850E003A00E1 /* InStock.app */;
			productType = "com.apple.product-type.application";
		};
		5DECE069181C850E003A00E1 /* InStockTests */ = {
			isa = PBXNativeTarget;
			buildConfigurationList = 5DECE07E181C850E003A00E1 /* Build configuration list for PBXNativeTarget "InStockTests" */;
			buildPhases = (
				5DECE066181C850E003A00E1 /* Sources */,
				5DECE067181C850E003A00E1 /* Frameworks */,
				5DECE068181C850E003A00E1 /* Resources */,
			);
			buildRules = (
			);
			dependencies = (
				5DECE070181C850E003A00E1 /* PBXTargetDependency */,
			);
			name = InStockTests;
			productName = InStockTests;
			productReference = 5DECE06A181C850E003A00E1 /* InStockTests.xctest */;
			productType = "com.apple.product-type.bundle.unit-test";
		};
/* End PBXNativeTarget section */

/* Begin PBXProject section */
		5DECE041181C850E003A00E1 /* Project object */ = {
			isa = PBXProject;
			attributes = {
				CLASSPREFIX = IS;
				LastUpgradeCheck = 0500;
				ORGANIZATIONNAME = "Luminous Apps";
				TargetAttributes = {
					5DECE069181C850E003A00E1 = {
						TestTargetID = 5DECE048181C850E003A00E1;
					};
				};
			};
			buildConfigurationList = 5DECE044181C850E003A00E1 /* Build configuration list for PBXProject "InStock" */;
			compatibilityVersion = "Xcode 3.2";
			developmentRegion = English;
			hasScannedForEncodings = 0;
			knownRegions = (
				en,
				Base,
			);
			mainGroup = 5DECE040181C850E003A00E1;
			productRefGroup = 5DECE04A181C850E003A00E1 /* Products */;
			projectDirPath = "";
			projectRoot = "";
			targets = (
				5DECE048181C850E003A00E1 /* InStock */,
				5DECE069181C850E003A00E1 /* InStockTests */,
			);
		};
/* End PBXProject section */

/* Begin PBXResourcesBuildPhase section */
		5DECE047181C850E003A00E1 /* Resources */ = {
			isa = PBXResourcesBuildPhase;
			buildActionMask = 2147483647;
			files = (
				5DECE065181C850E003A00E1 /* Images.xcassets in Resources */,
				5DECE057181C850E003A00E1 /* InfoPlist.strings in Resources */,
				5DECE060181C850E003A00E1 /* Main.storyboard in Resources */,
			);
			runOnlyForDeploymentPostprocessing = 0;
		};
		5DECE068181C850E003A00E1 /* Resources */ = {
			isa = PBXResourcesBuildPhase;
			buildActionMask = 2147483647;
			files = (
			);
			runOnlyForDeploymentPostprocessing = 0;
		};
/* End PBXResourcesBuildPhase section */

/* Begin PBXShellScriptBuildPhase section */
		18AC21EC8FCA45C59D9870C1 /* Copy Pods Resources */ = {
			isa = PBXShellScriptBuildPhase;
			buildActionMask = 2147483647;
			files = (
			);
			inputPaths = (
			);
			name = "Copy Pods Resources";
			outputPaths = (
			);
			runOnlyForDeploymentPostprocessing = 0;
			shellPath = /bin/sh;
			shellScript = "\"${SRCROOT}/Pods/Pods-resources.sh\"\n";
			showEnvVarsInLog = 0;
		};
		4DF3B55AAE174924AD0B6B4E /* Check Pods Manifest.lock */ = {
			isa = PBXShellScriptBuildPhase;
			buildActionMask = 2147483647;
			files = (
			);
			inputPaths = (
			);
			name = "Check Pods Manifest.lock";
			outputPaths = (
			);
			runOnlyForDeploymentPostprocessing = 0;
			shellPath = /bin/sh;
			shellScript = "diff \"${PODS_ROOT}/../Podfile.lock\" \"${PODS_ROOT}/Manifest.lock\" > /dev/null\nif [[ $? != 0 ]] ; then\n    cat << EOM\nerror: The sandbox is not in sync with the Podfile.lock. Run 'pod install' or update your CocoaPods installation.\nEOM\n    exit 1\nfi\n";
			showEnvVarsInLog = 0;
		};
/* End PBXShellScriptBuildPhase section */

/* Begin PBXSourcesBuildPhase section */
		5DECE045181C850E003A00E1 /* Sources */ = {
			isa = PBXSourcesBuildPhase;
			buildActionMask = 2147483647;
			files = (
				5DECE095181CEC53003A00E1 /* ISIdioms.m in Sources */,
				5DECE098181D0581003A00E1 /* ISiPhone5c.m in Sources */,
				5DECE05D181C850E003A00E1 /* ISAppDelegate.m in Sources */,
				5DECE08F181CDBE0003A00E1 /* ISProductsViewController.m in Sources */,
				5DECE08C181CA6F0003A00E1 /* ISiPhone4s.m in Sources */,
				5DECE059181C850E003A00E1 /* main.m in Sources */,
				5DECE093181CE6F8003A00E1 /* ISiPhone5s.m in Sources */,
			);
			runOnlyForDeploymentPostprocessing = 0;
		};
		5DECE066181C850E003A00E1 /* Sources */ = {
			isa = PBXSourcesBuildPhase;
			buildActionMask = 2147483647;
			files = (
			);
			runOnlyForDeploymentPostprocessing = 0;
		};
/* End PBXSourcesBuildPhase section */

/* Begin PBXTargetDependency section */
		5DECE070181C850E003A00E1 /* PBXTargetDependency */ = {
			isa = PBXTargetDependency;
			target = 5DECE048181C850E003A00E1 /* InStock */;
			targetProxy = 5DECE06F181C850E003A00E1 /* PBXContainerItemProxy */;
		};
/* End PBXTargetDependency section */

/* Begin PBXVariantGroup section */
		5DECE055181C850E003A00E1 /* InfoPlist.strings */ = {
			isa = PBXVariantGroup;
			children = (
				5DECE056181C850E003A00E1 /* en */,
			);
			name = InfoPlist.strings;
			sourceTree = "<group>";
		};
		5DECE05E181C850E003A00E1 /* Main.storyboard */ = {
			isa = PBXVariantGroup;
			children = (
				5DECE05F181C850E003A00E1 /* Base */,
			);
			name = Main.storyboard;
			sourceTree = "<group>";
		};
/* End PBXVariantGroup section */

/* Begin XCBuildConfiguration section */
		5DECE079181C850E003A00E1 /* Debug */ = {
			isa = XCBuildConfiguration;
			buildSettings = {
				ALWAYS_SEARCH_USER_PATHS = NO;
				ARCHS = "$(ARCHS_STANDARD_INCLUDING_64_BIT)";
				CLANG_CXX_LANGUAGE_STANDARD = "gnu++0x";
				CLANG_CXX_LIBRARY = "libc++";
				CLANG_ENABLE_MODULES = YES;
				CLANG_ENABLE_OBJC_ARC = YES;
				CLANG_WARN_BOOL_CONVERSION = YES;
				CLANG_WARN_CONSTANT_CONVERSION = YES;
				CLANG_WARN_DIRECT_OBJC_ISA_USAGE = YES_ERROR;
				CLANG_WARN_EMPTY_BODY = YES;
				CLANG_WARN_ENUM_CONVERSION = YES;
				CLANG_WARN_INT_CONVERSION = YES;
				CLANG_WARN_OBJC_ROOT_CLASS = YES_ERROR;
				CLANG_WARN__DUPLICATE_METHOD_MATCH = YES;
				"CODE_SIGN_IDENTITY[sdk=iphoneos*]" = "iPhone Developer";
				COPY_PHASE_STRIP = NO;
				GCC_C_LANGUAGE_STANDARD = gnu99;
				GCC_DYNAMIC_NO_PIC = NO;
				GCC_OPTIMIZATION_LEVEL = 0;
				GCC_PREPROCESSOR_DEFINITIONS = (
					"DEBUG=1",
					"$(inherited)",
				);
				GCC_SYMBOLS_PRIVATE_EXTERN = NO;
				GCC_WARN_64_TO_32_BIT_CONVERSION = YES;
				GCC_WARN_ABOUT_RETURN_TYPE = YES_ERROR;
				GCC_WARN_UNDECLARED_SELECTOR = YES;
				GCC_WARN_UNINITIALIZED_AUTOS = YES;
				GCC_WARN_UNUSED_FUNCTION = YES;
				GCC_WARN_UNUSED_VARIABLE = YES;
				IPHONEOS_DEPLOYMENT_TARGET = 7.0;
				ONLY_ACTIVE_ARCH = YES;
				SDKROOT = iphoneos;
			};
			name = Debug;
		};
		5DECE07A181C850E003A00E1 /* Release */ = {
			isa = XCBuildConfiguration;
			buildSettings = {
				ALWAYS_SEARCH_USER_PATHS = NO;
				ARCHS = "$(ARCHS_STANDARD_INCLUDING_64_BIT)";
				CLANG_CXX_LANGUAGE_STANDARD = "gnu++0x";
				CLANG_CXX_LIBRARY = "libc++";
				CLANG_ENABLE_MODULES = YES;
				CLANG_ENABLE_OBJC_ARC = YES;
				CLANG_WARN_BOOL_CONVERSION = YES;
				CLANG_WARN_CONSTANT_CONVERSION = YES;
				CLANG_WARN_DIRECT_OBJC_ISA_USAGE = YES_ERROR;
				CLANG_WARN_EMPTY_BODY = YES;
				CLANG_WARN_ENUM_CONVERSION = YES;
				CLANG_WARN_INT_CONVERSION = YES;
				CLANG_WARN_OBJC_ROOT_CLASS = YES_ERROR;
				CLANG_WARN__DUPLICATE_METHOD_MATCH = YES;
				"CODE_SIGN_IDENTITY[sdk=iphoneos*]" = "iPhone Developer";
				COPY_PHASE_STRIP = YES;
				ENABLE_NS_ASSERTIONS = NO;
				GCC_C_LANGUAGE_STANDARD = gnu99;
				GCC_WARN_64_TO_32_BIT_CONVERSION = YES;
				GCC_WARN_ABOUT_RETURN_TYPE = YES_ERROR;
				GCC_WARN_UNDECLARED_SELECTOR = YES;
				GCC_WARN_UNINITIALIZED_AUTOS = YES;
				GCC_WARN_UNUSED_FUNCTION = YES;
				GCC_WARN_UNUSED_VARIABLE = YES;
				IPHONEOS_DEPLOYMENT_TARGET = 7.0;
				SDKROOT = iphoneos;
				VALIDATE_PRODUCT = YES;
			};
			name = Release;
		};
		5DECE07C181C850E003A00E1 /* Debug */ = {
			isa = XCBuildConfiguration;
			baseConfigurationReference = CF533665C0D14D27AE358086 /* Pods.xcconfig */;
			buildSettings = {
				ASSETCATALOG_COMPILER_APPICON_NAME = AppIcon;
				ASSETCATALOG_COMPILER_LAUNCHIMAGE_NAME = LaunchImage;
				GCC_PRECOMPILE_PREFIX_HEADER = YES;
				GCC_PREFIX_HEADER = "InStock/InStock-Prefix.pch";
				INFOPLIST_FILE = "InStock/InStock-Info.plist";
				IPHONEOS_DEPLOYMENT_TARGET = 7.0;
				PRODUCT_NAME = "$(TARGET_NAME)";
				WRAPPER_EXTENSION = app;
			};
			name = Debug;
		};
		5DECE07D181C850E003A00E1 /* Release */ = {
			isa = XCBuildConfiguration;
			baseConfigurationReference = CF533665C0D14D27AE358086 /* Pods.xcconfig */;
			buildSettings = {
				ASSETCATALOG_COMPILER_APPICON_NAME = AppIcon;
				ASSETCATALOG_COMPILER_LAUNCHIMAGE_NAME = LaunchImage;
				GCC_PRECOMPILE_PREFIX_HEADER = YES;
				GCC_PREFIX_HEADER = "InStock/InStock-Prefix.pch";
				INFOPLIST_FILE = "InStock/InStock-Info.plist";
				IPHONEOS_DEPLOYMENT_TARGET = 7.0;
				PRODUCT_NAME = "$(TARGET_NAME)";
				WRAPPER_EXTENSION = app;
			};
			name = Release;
		};
		5DECE07F181C850E003A00E1 /* Debug */ = {
			isa = XCBuildConfiguration;
			buildSettings = {
				ARCHS = "$(ARCHS_STANDARD_INCLUDING_64_BIT)";
				BUNDLE_LOADER = "$(BUILT_PRODUCTS_DIR)/InStock.app/InStock";
				FRAMEWORK_SEARCH_PATHS = (
					"$(SDKROOT)/Developer/Library/Frameworks",
					"$(inherited)",
					"$(DEVELOPER_FRAMEWORKS_DIR)",
				);
				GCC_PRECOMPILE_PREFIX_HEADER = YES;
				GCC_PREFIX_HEADER = "InStock/InStock-Prefix.pch";
				GCC_PREPROCESSOR_DEFINITIONS = (
					"DEBUG=1",
					"$(inherited)",
				);
				INFOPLIST_FILE = "InStockTests/InStockTests-Info.plist";
				PRODUCT_NAME = "$(TARGET_NAME)";
				TEST_HOST = "$(BUNDLE_LOADER)";
				WRAPPER_EXTENSION = xctest;
			};
			name = Debug;
		};
		5DECE080181C850E003A00E1 /* Release */ = {
			isa = XCBuildConfiguration;
			buildSettings = {
				ARCHS = "$(ARCHS_STANDARD_INCLUDING_64_BIT)";
				BUNDLE_LOADER = "$(BUILT_PRODUCTS_DIR)/InStock.app/InStock";
				FRAMEWORK_SEARCH_PATHS = (
					"$(SDKROOT)/Developer/Library/Frameworks",
					"$(inherited)",
					"$(DEVELOPER_FRAMEWORKS_DIR)",
				);
				GCC_PRECOMPILE_PREFIX_HEADER = YES;
				GCC_PREFIX_HEADER = "InStock/InStock-Prefix.pch";
				INFOPLIST_FILE = "InStockTests/InStockTests-Info.plist";
				PRODUCT_NAME = "$(TARGET_NAME)";
				TEST_HOST = "$(BUNDLE_LOADER)";
				WRAPPER_EXTENSION = xctest;
			};
			name = Release;
		};
/* End XCBuildConfiguration section */

/* Begin XCConfigurationList section */
		5DECE044181C850E003A00E1 /* Build configuration list for PBXProject "InStock" */ = {
			isa = XCConfigurationList;
			buildConfigurations = (
				5DECE079181C850E003A00E1 /* Debug */,
				5DECE07A181C850E003A00E1 /* Release */,
			);
			defaultConfigurationIsVisible = 0;
			defaultConfigurationName = Release;
		};
		5DECE07B181C850E003A00E1 /* Build configuration list for PBXNativeTarget "InStock" */ = {
			isa = XCConfigurationList;
			buildConfigurations = (
				5DECE07C181C850E003A00E1 /* Debug */,
				5DECE07D181C850E003A00E1 /* Release */,
			);
			defaultConfigurationIsVisible = 0;
			defaultConfigurationName = Release;
		};
		5DECE07E181C850E003A00E1 /* Build configuration list for PBXNativeTarget "InStockTests" */ = {
			isa = XCConfigurationList;
			buildConfigurations = (
				5DECE07F181C850E003A00E1 /* Debug */,
				5DECE080181C850E003A00E1 /* Release */,
			);
			defaultConfigurationIsVisible = 0;
			defaultConfigurationName = Release;
		};
/* End XCConfigurationList section */
	};
	rootObject = 5DECE041181C850E003A00E1 /* Project object */;
}
